
Microsoft Visual Studio Solution File, Format Version 12.00
# Visual Studio Version 17
VisualStudioVersion = 17.11.35219.272
MinimumVisualStudioVersion = 10.0.40219.1
Project("{FAE04EC0-301F-11D3-BF4B-00C04F79EFBC}") = "PizzariaCurso", "PizzariaCurso\PizzariaCurso.csproj", "{2B768131-6A08-4CE8-BEB9-6067A28400FD}"
EndProject
Global
	GlobalSection(SolutionConfigurationPlatforms) = preSolution
		Debug|Any CPU = Debug|Any CPU
		Release|Any CPU = Release|Any CPU
	EndGlobalSection
	GlobalSection(ProjectConfigurationPlatforms) = postSolution
		{2B768131-6A08-4CE8-BEB9-6067A28400FD}.Debug|Any CPU.ActiveCfg = Debug|Any CPU
		{2B768131-6A08-4CE8-BEB9-6067A28400FD}.Debug|Any CPU.Build.0 = Debug|Any CPU
		{2B768131-6A08-4CE8-BEB9-6067A28400FD}.Release|Any CPU.ActiveCfg = Release|Any CPU
		{2B768131-6A08-4CE8-BEB9-6067A28400FD}.Release|Any CPU.Build.0 = Release|Any CPU
	EndGlobalSection
	GlobalSection(SolutionProperties) = preSolution
		HideSolutionNode = FALSE
	EndGlobalSection
	GlobalSection(ExtensibilityGlobals) = postSolution
		SolutionGuid = {22F10912-B448-4DA2-95DB-C289FC53E8F2}
	EndGlobalSection
EndGlobal
